// !$*UTF8*$!
{
	archiveVersion = 1;
	classes = {
	};
	objectVersion = 55;
	objects = {

/* Begin PBXBuildFile section */
		85378F1D2880E84F006CD00C /* Transition.storyboard in Resources */ = {isa = PBXBuildFile; fileRef = 85378F1C2880E84F006CD00C /* Transition.storyboard */; };
		85378F1F2880EFD1006CD00C /* TransitionFirstViewController.swift in Sources */ = {isa = PBXBuildFile; fileRef = 85378F1E2880EFD1006CD00C /* TransitionFirstViewController.swift */; };
		85378F212880FDFD006CD00C /* TransitionSecondViewController.swift in Sources */ = {isa = PBXBuildFile; fileRef = 85378F202880FDFD006CD00C /* TransitionSecondViewController.swift */; };
		855A14D8287E98F1003A95F9 /* DateViewController.swift in Sources */ = {isa = PBXBuildFile; fileRef = 855A14D7287E98F1003A95F9 /* DateViewController.swift */; };
		855D9581287BA3FA00A5591F /* AppDelegate.swift in Sources */ = {isa = PBXBuildFile; fileRef = 855D9580287BA3FA00A5591F /* AppDelegate.swift */; };
		855D9583287BA3FA00A5591F /* SceneDelegate.swift in Sources */ = {isa = PBXBuildFile; fileRef = 855D9582287BA3FA00A5591F /* SceneDelegate.swift */; };
		855D9585287BA3FA00A5591F /* ViewController.swift in Sources */ = {isa = PBXBuildFile; fileRef = 855D9584287BA3FA00A5591F /* ViewController.swift */; };
		855D9588287BA3FA00A5591F /* Main.storyboard in Resources */ = {isa = PBXBuildFile; fileRef = 855D9586287BA3FA00A5591F /* Main.storyboard */; };
		855D958A287BA3FB00A5591F /* Assets.xcassets in Resources */ = {isa = PBXBuildFile; fileRef = 855D9589287BA3FB00A5591F /* Assets.xcassets */; };
		855D958D287BA3FB00A5591F /* LaunchScreen.storyboard in Resources */ = {isa = PBXBuildFile; fileRef = 855D958B287BA3FB00A5591F /* LaunchScreen.storyboard */; };
		857824DD287FA6A100E1D192 /* Setting.storyboard in Resources */ = {isa = PBXBuildFile; fileRef = 857824DC287FA6A100E1D192 /* Setting.storyboard */; };
		857824DF287FA80700E1D192 /* Search.storyboard in Resources */ = {isa = PBXBuildFile; fileRef = 857824DE287FA80700E1D192 /* Search.storyboard */; };
		857824E2287FAEFE00E1D192 /* SideMenu in Frameworks */ = {isa = PBXBuildFile; productRef = 857824E1287FAEFE00E1D192 /* SideMenu */; };
		857824E5287FAF3500E1D192 /* FSCalendar in Frameworks */ = {isa = PBXBuildFile; productRef = 857824E4287FAF3500E1D192 /* FSCalendar */; };
		857824E8287FAFAA00E1D192 /* TextFieldEffects in Frameworks */ = {isa = PBXBuildFile; productRef = 857824E7287FAFAA00E1D192 /* TextFieldEffects */; };
		857824EB287FBE4300E1D192 /* IQKeyboardManagerSwift in Frameworks */ = {isa = PBXBuildFile; productRef = 857824EA287FBE4300E1D192 /* IQKeyboardManagerSwift */; };
/* End PBXBuildFile section */

/* Begin PBXFileReference section */
		85378F1C2880E84F006CD00C /* Transition.storyboard */ = {isa = PBXFileReference; lastKnownFileType = file.storyboard; path = Transition.storyboard; sourceTree = "<group>"; };
		85378F1E2880EFD1006CD00C /* TransitionFirstViewController.swift */ = {isa = PBXFileReference; lastKnownFileType = sourcecode.swift; path = TransitionFirstViewController.swift; sourceTree = "<group>"; };
		85378F202880FDFD006CD00C /* TransitionSecondViewController.swift */ = {isa = PBXFileReference; lastKnownFileType = sourcecode.swift; path = TransitionSecondViewController.swift; sourceTree = "<group>"; };
		855A14D7287E98F1003A95F9 /* DateViewController.swift */ = {isa = PBXFileReference; lastKnownFileType = sourcecode.swift; path = DateViewController.swift; sourceTree = "<group>"; };
		855D957D287BA3FA00A5591F /* seSACWeek2.app */ = {isa = PBXFileReference; explicitFileType = wrapper.application; includeInIndex = 0; path = seSACWeek2.app; sourceTree = BUILT_PRODUCTS_DIR; };
		855D9580287BA3FA00A5591F /* AppDelegate.swift */ = {isa = PBXFileReference; lastKnownFileType = sourcecode.swift; path = AppDelegate.swift; sourceTree = "<group>"; };
		855D9582287BA3FA00A5591F /* SceneDelegate.swift */ = {isa = PBXFileReference; lastKnownFileType = sourcecode.swift; path = SceneDelegate.swift; sourceTree = "<group>"; };
		855D9584287BA3FA00A5591F /* ViewController.swift */ = {isa = PBXFileReference; lastKnownFileType = sourcecode.swift; path = ViewController.swift; sourceTree = "<group>"; };
		855D9587287BA3FA00A5591F /* Base */ = {isa = PBXFileReference; lastKnownFileType = file.storyboard; name = Base; path = Base.lproj/Main.storyboard; sourceTree = "<group>"; };
		855D9589287BA3FB00A5591F /* Assets.xcassets */ = {isa = PBXFileReference; lastKnownFileType = folder.assetcatalog; path = Assets.xcassets; sourceTree = "<group>"; };
		855D958C287BA3FB00A5591F /* Base */ = {isa = PBXFileReference; lastKnownFileType = file.storyboard; name = Base; path = Base.lproj/LaunchScreen.storyboard; sourceTree = "<group>"; };
		855D958E287BA3FB00A5591F /* Info.plist */ = {isa = PBXFileReference; lastKnownFileType = text.plist.xml; path = Info.plist; sourceTree = "<group>"; };
		857824DC287FA6A100E1D192 /* Setting.storyboard */ = {isa = PBXFileReference; lastKnownFileType = file.storyboard; path = Setting.storyboard; sourceTree = "<group>"; };
		857824DE287FA80700E1D192 /* Search.storyboard */ = {isa = PBXFileReference; lastKnownFileType = file.storyboard; path = Search.storyboard; sourceTree = "<group>"; };
/* End PBXFileReference section */

/* Begin PBXFrameworksBuildPhase section */
		855D957A287BA3FA00A5591F /* Frameworks */ = {
			isa = PBXFrameworksBuildPhase;
			buildActionMask = 2147483647;
			files = (
				857824E8287FAFAA00E1D192 /* TextFieldEffects in Frameworks */,
				857824EB287FBE4300E1D192 /* IQKeyboardManagerSwift in Frameworks */,
				857824E2287FAEFE00E1D192 /* SideMenu in Frameworks */,
				857824E5287FAF3500E1D192 /* FSCalendar in Frameworks */,
			);
			runOnlyForDeploymentPostprocessing = 0;
		};
/* End PBXFrameworksBuildPhase section */

/* Begin PBXGroup section */
		85378F1B2880E835006CD00C /* Transition */ = {
			isa = PBXGroup;
			children = (
				85378F1C2880E84F006CD00C /* Transition.storyboard */,
				85378F1E2880EFD1006CD00C /* TransitionFirstViewController.swift */,
				85378F202880FDFD006CD00C /* TransitionSecondViewController.swift */,
			);
			path = Transition;
			sourceTree = "<group>";
		};
		855D9574287BA3FA00A5591F = {
			isa = PBXGroup;
			children = (
				85378F1B2880E835006CD00C /* Transition */,
				855D957F287BA3FA00A5591F /* seSACWeek2 */,
				855D957E287BA3FA00A5591F /* Products */,
			);
			sourceTree = "<group>";
		};
		855D957E287BA3FA00A5591F /* Products */ = {
			isa = PBXGroup;
			children = (
				855D957D287BA3FA00A5591F /* seSACWeek2.app */,
			);
			name = Products;
			sourceTree = "<group>";
		};
		855D957F287BA3FA00A5591F /* seSACWeek2 */ = {
			isa = PBXGroup;
			children = (
				855D958E287BA3FB00A5591F /* Info.plist */,
				857824DE287FA80700E1D192 /* Search.storyboard */,
				855D9580287BA3FA00A5591F /* AppDelegate.swift */,
				855D9582287BA3FA00A5591F /* SceneDelegate.swift */,
				855D9584287BA3FA00A5591F /* ViewController.swift */,
				855A14D7287E98F1003A95F9 /* DateViewController.swift */,
				855D9589287BA3FB00A5591F /* Assets.xcassets */,
				855D958B287BA3FB00A5591F /* LaunchScreen.storyboard */,
				855D9586287BA3FA00A5591F /* Main.storyboard */,
				857824DC287FA6A100E1D192 /* Setting.storyboard */,
			);
			path = seSACWeek2;
			sourceTree = "<group>";
		};
/* End PBXGroup section */

/* Begin PBXNativeTarget section */
		855D957C287BA3FA00A5591F /* seSACWeek2 */ = {
			isa = PBXNativeTarget;
			buildConfigurationList = 855D9591287BA3FB00A5591F /* Build configuration list for PBXNativeTarget "seSACWeek2" */;
			buildPhases = (
				855D9579287BA3FA00A5591F /* Sources */,
				855D957A287BA3FA00A5591F /* Frameworks */,
				855D957B287BA3FA00A5591F /* Resources */,
			);
			buildRules = (
			);
			dependencies = (
			);
			name = seSACWeek2;
			packageProductDependencies = (
				857824E1287FAEFE00E1D192 /* SideMenu */,
				857824E4287FAF3500E1D192 /* FSCalendar */,
				857824E7287FAFAA00E1D192 /* TextFieldEffects */,
				857824EA287FBE4300E1D192 /* IQKeyboardManagerSwift */,
			);
			productName = seSACWeek2;
			productReference = 855D957D287BA3FA00A5591F /* seSACWeek2.app */;
			productType = "com.apple.product-type.application";
		};
/* End PBXNativeTarget section */

/* Begin PBXProject section */
		855D9575287BA3FA00A5591F /* Project object */ = {
			isa = PBXProject;
			attributes = {
				BuildIndependentTargetsInParallel = 1;
				LastSwiftUpdateCheck = 1340;
				LastUpgradeCheck = 1340;
				TargetAttributes = {
					855D957C287BA3FA00A5591F = {
						CreatedOnToolsVersion = 13.4.1;
					};
				};
			};
			buildConfigurationList = 855D9578287BA3FA00A5591F /* Build configuration list for PBXProject "seSACWeek2" */;
			compatibilityVersion = "Xcode 13.0";
			developmentRegion = en;
			hasScannedForEncodings = 0;
			knownRegions = (
				en,
				Base,
			);
			mainGroup = 855D9574287BA3FA00A5591F;
			packageReferences = (
				857824E0287FAEFE00E1D192 /* XCRemoteSwiftPackageReference "SideMenu" */,
				857824E3287FAF3500E1D192 /* XCRemoteSwiftPackageReference "FSCalendar" */,
				857824E6287FAFAA00E1D192 /* XCRemoteSwiftPackageReference "TextFieldEffects" */,
				857824E9287FBE4300E1D192 /* XCRemoteSwiftPackageReference "IQKeyboardManager" */,
			);
			productRefGroup = 855D957E287BA3FA00A5591F /* Products */;
			projectDirPath = "";
			projectRoot = "";
			targets = (
				855D957C287BA3FA00A5591F /* seSACWeek2 */,
			);
		};
/* End PBXProject section */

/* Begin PBXResourcesBuildPhase section */
		855D957B287BA3FA00A5591F /* Resources */ = {
			isa = PBXResourcesBuildPhase;
			buildActionMask = 2147483647;
			files = (
				855D958D287BA3FB00A5591F /* LaunchScreen.storyboard in Resources */,
				85378F1D2880E84F006CD00C /* Transition.storyboard in Resources */,
				855D958A287BA3FB00A5591F /* Assets.xcassets in Resources */,
				855D9588287BA3FA00A5591F /* Main.storyboard in Resources */,
				857824DD287FA6A100E1D192 /* Setting.storyboard in Resources */,
				857824DF287FA80700E1D192 /* Search.storyboard in Resources */,
			);
			runOnlyForDeploymentPostprocessing = 0;
		};
/* End PBXResourcesBuildPhase section */

/* Begin PBXSourcesBuildPhase section */
		855D9579287BA3FA00A5591F /* Sources */ = {
			isa = PBXSourcesBuildPhase;
			buildActionMask = 2147483647;
			files = (
				855A14D8287E98F1003A95F9 /* DateViewController.swift in Sources */,
				85378F1F2880EFD1006CD00C /* TransitionFirstViewController.swift in Sources */,
				855D9585287BA3FA00A5591F /* ViewController.swift in Sources */,
				85378F212880FDFD006CD00C /* TransitionSecondViewController.swift in Sources */,
				855D9581287BA3FA00A5591F /* AppDelegate.swift in Sources */,
				855D9583287BA3FA00A5591F /* SceneDelegate.swift in Sources */,
			);
			runOnlyForDeploymentPostprocessing = 0;
		};
/* End PBXSourcesBuildPhase section */

/* Begin PBXVariantGroup section */
		855D9586287BA3FA00A5591F /* Main.storyboard */ = {
			isa = PBXVariantGroup;
			children = (
				855D9587287BA3FA00A5591F /* Base */,
			);
			name = Main.storyboard;
			sourceTree = "<group>";
		};
		855D958B287BA3FB00A5591F /* LaunchScreen.storyboard */ = {
			isa = PBXVariantGroup;
			children = (
				855D958C287BA3FB00A5591F /* Base */,
			);
			name = LaunchScreen.storyboard;
			sourceTree = "<group>";
		};
/* End PBXVariantGroup section */

/* Begin XCBuildConfiguration section */
		855D958F287BA3FB00A5591F /* Debug */ = {
			isa = XCBuildConfiguration;
			buildSettings = {
				ALWAYS_SEARCH_USER_PATHS = NO;
				CLANG_ANALYZER_NONNULL = YES;
				CLANG_ANALYZER_NUMBER_OBJECT_CONVERSION = YES_AGGRESSIVE;
				CLANG_CXX_LANGUAGE_STANDARD = "gnu++17";
				CLANG_ENABLE_MODULES = YES;
				CLANG_ENABLE_OBJC_ARC = YES;
				CLANG_ENABLE_OBJC_WEAK = YES;
				CLANG_WARN_BLOCK_CAPTURE_AUTORELEASING = YES;
				CLANG_WARN_BOOL_CONVERSION = YES;
				CLANG_WARN_COMMA = YES;
				CLANG_WARN_CONSTANT_CONVERSION = YES;
				CLANG_WARN_DEPRECATED_OBJC_IMPLEMENTATIONS = YES;
				CLANG_WARN_DIRECT_OBJC_ISA_USAGE = YES_ERROR;
				CLANG_WARN_DOCUMENTATION_COMMENTS = YES;
				CLANG_WARN_EMPTY_BODY = YES;
				CLANG_WARN_ENUM_CONVERSION = YES;
				CLANG_WARN_INFINITE_RECURSION = YES;
				CLANG_WARN_INT_CONVERSION = YES;
				CLANG_WARN_NON_LITERAL_NULL_CONVERSION = YES;
				CLANG_WARN_OBJC_IMPLICIT_RETAIN_SELF = YES;
				CLANG_WARN_OBJC_LITERAL_CONVERSION = YES;
				CLANG_WARN_OBJC_ROOT_CLASS = YES_ERROR;
				CLANG_WARN_QUOTED_INCLUDE_IN_FRAMEWORK_HEADER = YES;
				CLANG_WARN_RANGE_LOOP_ANALYSIS = YES;
				CLANG_WARN_STRICT_PROTOTYPES = YES;
				CLANG_WARN_SUSPICIOUS_MOVE = YES;
				CLANG_WARN_UNGUARDED_AVAILABILITY = YES_AGGRESSIVE;
				CLANG_WARN_UNREACHABLE_CODE = YES;
				CLANG_WARN__DUPLICATE_METHOD_MATCH = YES;
				COPY_PHASE_STRIP = NO;
				DEBUG_INFORMATION_FORMAT = dwarf;
				ENABLE_STRICT_OBJC_MSGSEND = YES;
				ENABLE_TESTABILITY = YES;
				GCC_C_LANGUAGE_STANDARD = gnu11;
				GCC_DYNAMIC_NO_PIC = NO;
				GCC_NO_COMMON_BLOCKS = YES;
				GCC_OPTIMIZATION_LEVEL = 0;
				GCC_PREPROCESSOR_DEFINITIONS = (
					"DEBUG=1",
					"$(inherited)",
				);
				GCC_WARN_64_TO_32_BIT_CONVERSION = YES;
				GCC_WARN_ABOUT_RETURN_TYPE = YES_ERROR;
				GCC_WARN_UNDECLARED_SELECTOR = YES;
				GCC_WARN_UNINITIALIZED_AUTOS = YES_AGGRESSIVE;
				GCC_WARN_UNUSED_FUNCTION = YES;
				GCC_WARN_UNUSED_VARIABLE = YES;
				IPHONEOS_DEPLOYMENT_TARGET = 15.5;
				MTL_ENABLE_DEBUG_INFO = INCLUDE_SOURCE;
				MTL_FAST_MATH = YES;
				ONLY_ACTIVE_ARCH = YES;
				SDKROOT = iphoneos;
				SWIFT_ACTIVE_COMPILATION_CONDITIONS = DEBUG;
				SWIFT_OPTIMIZATION_LEVEL = "-Onone";
			};
			name = Debug;
		};
		855D9590287BA3FB00A5591F /* Release */ = {
			isa = XCBuildConfiguration;
			buildSettings = {
				ALWAYS_SEARCH_USER_PATHS = NO;
				CLANG_ANALYZER_NONNULL = YES;
				CLANG_ANALYZER_NUMBER_OBJECT_CONVERSION = YES_AGGRESSIVE;
				CLANG_CXX_LANGUAGE_STANDARD = "gnu++17";
				CLANG_ENABLE_MODULES = YES;
				CLANG_ENABLE_OBJC_ARC = YES;
				CLANG_ENABLE_OBJC_WEAK = YES;
				CLANG_WARN_BLOCK_CAPTURE_AUTORELEASING = YES;
				CLANG_WARN_BOOL_CONVERSION = YES;
				CLANG_WARN_COMMA = YES;
				CLANG_WARN_CONSTANT_CONVERSION = YES;
				CLANG_WARN_DEPRECATED_OBJC_IMPLEMENTATIONS = YES;
				CLANG_WARN_DIRECT_OBJC_ISA_USAGE = YES_ERROR;
				CLANG_WARN_DOCUMENTATION_COMMENTS = YES;
				CLANG_WARN_EMPTY_BODY = YES;
				CLANG_WARN_ENUM_CONVERSION = YES;
				CLANG_WARN_INFINITE_RECURSION = YES;
				CLANG_WARN_INT_CONVERSION = YES;
				CLANG_WARN_NON_LITERAL_NULL_CONVERSION = YES;
				CLANG_WARN_OBJC_IMPLICIT_RETAIN_SELF = YES;
				CLANG_WARN_OBJC_LITERAL_CONVERSION = YES;
				CLANG_WARN_OBJC_ROOT_CLASS = YES_ERROR;
				CLANG_WARN_QUOTED_INCLUDE_IN_FRAMEWORK_HEADER = YES;
				CLANG_WARN_RANGE_LOOP_ANALYSIS = YES;
				CLANG_WARN_STRICT_PROTOTYPES = YES;
				CLANG_WARN_SUSPICIOUS_MOVE = YES;
				CLANG_WARN_UNGUARDED_AVAILABILITY = YES_AGGRESSIVE;
				CLANG_WARN_UNREACHABLE_CODE = YES;
				CLANG_WARN__DUPLICATE_METHOD_MATCH = YES;
				COPY_PHASE_STRIP = NO;
				DEBUG_INFORMATION_FORMAT = "dwarf-with-dsym";
				ENABLE_NS_ASSERTIONS = NO;
				ENABLE_STRICT_OBJC_MSGSEND = YES;
				GCC_C_LANGUAGE_STANDARD = gnu11;
				GCC_NO_COMMON_BLOCKS = YES;
				GCC_WARN_64_TO_32_BIT_CONVERSION = YES;
				GCC_WARN_ABOUT_RETURN_TYPE = YES_ERROR;
				GCC_WARN_UNDECLARED_SELECTOR = YES;
				GCC_WARN_UNINITIALIZED_AUTOS = YES_AGGRESSIVE;
				GCC_WARN_UNUSED_FUNCTION = YES;
				GCC_WARN_UNUSED_VARIABLE = YES;
				IPHONEOS_DEPLOYMENT_TARGET = 15.5;
				MTL_ENABLE_DEBUG_INFO = NO;
				MTL_FAST_MATH = YES;
				SDKROOT = iphoneos;
				SWIFT_COMPILATION_MODE = wholemodule;
				SWIFT_OPTIMIZATION_LEVEL = "-O";
				VALIDATE_PRODUCT = YES;
			};
			name = Release;
		};
		855D9592287BA3FB00A5591F /* Debug */ = {
			isa = XCBuildConfiguration;
			buildSettings = {
				ASSETCATALOG_COMPILER_APPICON_NAME = AppIcon;
				ASSETCATALOG_COMPILER_GLOBAL_ACCENT_COLOR_NAME = AccentColor;
				CODE_SIGN_STYLE = Automatic;
				CURRENT_PROJECT_VERSION = 1;
				DEVELOPMENT_TEAM = 3K4KWAG7KD;
				GENERATE_INFOPLIST_FILE = YES;
				INFOPLIST_FILE = seSACWeek2/Info.plist;
				INFOPLIST_KEY_UIApplicationSupportsIndirectInputEvents = YES;
				INFOPLIST_KEY_UILaunchStoryboardName = LaunchScreen;
				INFOPLIST_KEY_UIMainStoryboardFile = Setting;
				INFOPLIST_KEY_UISupportedInterfaceOrientations_iPad = "UIInterfaceOrientationPortrait UIInterfaceOrientationPortraitUpsideDown UIInterfaceOrientationLandscapeLeft UIInterfaceOrientationLandscapeRight";
				INFOPLIST_KEY_UISupportedInterfaceOrientations_iPhone = "UIInterfaceOrientationPortrait UIInterfaceOrientationLandscapeLeft UIInterfaceOrientationLandscapeRight";
				IPHONEOS_DEPLOYMENT_TARGET = 14.0;
				LD_RUNPATH_SEARCH_PATHS = (
					"$(inherited)",
					"@executable_path/Frameworks",
				);
				MARKETING_VERSION = 1.0;
				PRODUCT_BUNDLE_IDENTIFIER = com.hano.sesac.seSACWeek2;
				PRODUCT_NAME = "$(TARGET_NAME)";
				SWIFT_EMIT_LOC_STRINGS = YES;
				SWIFT_VERSION = 5.0;
				TARGETED_DEVICE_FAMILY = 1;
			};
			name = Debug;
		};
		855D9593287BA3FB00A5591F /* Release */ = {
			isa = XCBuildConfiguration;
			buildSettings = {
				ASSETCATALOG_COMPILER_APPICON_NAME = AppIcon;
				ASSETCATALOG_COMPILER_GLOBAL_ACCENT_COLOR_NAME = AccentColor;
				CODE_SIGN_STYLE = Automatic;
				CURRENT_PROJECT_VERSION = 1;
				DEVELOPMENT_TEAM = 3K4KWAG7KD;
				GENERATE_INFOPLIST_FILE = YES;
				INFOPLIST_FILE = seSACWeek2/Info.plist;
				INFOPLIST_KEY_UIApplicationSupportsIndirectInputEvents = YES;
				INFOPLIST_KEY_UILaunchStoryboardName = LaunchScreen;
				INFOPLIST_KEY_UIMainStoryboardFile = Setting;
				INFOPLIST_KEY_UISupportedInterfaceOrientations_iPad = "UIInterfaceOrientationPortrait UIInterfaceOrientationPortraitUpsideDown UIInterfaceOrientationLandscapeLeft UIInterfaceOrientationLandscapeRight";
				INFOPLIST_KEY_UISupportedInterfaceOrientations_iPhone = "UIInterfaceOrientationPortrait UIInterfaceOrientationLandscapeLeft UIInterfaceOrientationLandscapeRight";
				IPHONEOS_DEPLOYMENT_TARGET = 14.0;
				LD_RUNPATH_SEARCH_PATHS = (
					"$(inherited)",
					"@executable_path/Frameworks",
				);
				MARKETING_VERSION = 1.0;
				PRODUCT_BUNDLE_IDENTIFIER = com.hano.sesac.seSACWeek2;
				PRODUCT_NAME = "$(TARGET_NAME)";
				SWIFT_EMIT_LOC_STRINGS = YES;
				SWIFT_VERSION = 5.0;
				TARGETED_DEVICE_FAMILY = 1;
			};
			name = Release;
		};
/* End XCBuildConfiguration section */

/* Begin XCConfigurationList section */
		855D9578287BA3FA00A5591F /* Build configuration list for PBXProject "seSACWeek2" */ = {
			isa = XCConfigurationList;
			buildConfigurations = (
				855D958F287BA3FB00A5591F /* Debug */,
				855D9590287BA3FB00A5591F /* Release */,
			);
			defaultConfigurationIsVisible = 0;
			defaultConfigurationName = Release;
		};
		855D9591287BA3FB00A5591F /* Build configuration list for PBXNativeTarget "seSACWeek2" */ = {
			isa = XCConfigurationList;
			buildConfigurations = (
				855D9592287BA3FB00A5591F /* Debug */,
				855D9593287BA3FB00A5591F /* Release */,
			);
			defaultConfigurationIsVisible = 0;
			defaultConfigurationName = Release;
		};
/* End XCConfigurationList section */

/* Begin XCRemoteSwiftPackageReference section */
		857824E0287FAEFE00E1D192 /* XCRemoteSwiftPackageReference "SideMenu" */ = {
			isa = XCRemoteSwiftPackageReference;
			repositoryURL = "https://github.com/jonkykong/SideMenu";
			requirement = {
				kind = upToNextMajorVersion;
				minimumVersion = 6.0.0;
			};
		};
		857824E3287FAF3500E1D192 /* XCRemoteSwiftPackageReference "FSCalendar" */ = {
			isa = XCRemoteSwiftPackageReference;
			repositoryURL = "https://github.com/WenchaoD/FSCalendar";
			requirement = {
				kind = upToNextMajorVersion;
				minimumVersion = 2.0.0;
			};
		};
		857824E6287FAFAA00E1D192 /* XCRemoteSwiftPackageReference "TextFieldEffects" */ = {
			isa = XCRemoteSwiftPackageReference;
			repositoryURL = "https://github.com/raulriera/TextFieldEffects";
			requirement = {
				kind = upToNextMajorVersion;
				minimumVersion = 1.0.0;
			};
		};
		857824E9287FBE4300E1D192 /* XCRemoteSwiftPackageReference "IQKeyboardManager" */ = {
			isa = XCRemoteSwiftPackageReference;
			repositoryURL = "https://github.com/hackiftekhar/IQKeyboardManager.git";
			requirement = {
				kind = exactVersion;
				version = 6.5.0;
			};
		};
/* End XCRemoteSwiftPackageReference section */

/* Begin XCSwiftPackageProductDependency section */
		857824E1287FAEFE00E1D192 /* SideMenu */ = {
			isa = XCSwiftPackageProductDependency;
			package = 857824E0287FAEFE00E1D192 /* XCRemoteSwiftPackageReference "SideMenu" */;
			productName = SideMenu;
		};
		857824E4287FAF3500E1D192 /* FSCalendar */ = {
			isa = XCSwiftPackageProductDependency;
			package = 857824E3287FAF3500E1D192 /* XCRemoteSwiftPackageReference "FSCalendar" */;
			productName = FSCalendar;
		};
		857824E7287FAFAA00E1D192 /* TextFieldEffects */ = {
			isa = XCSwiftPackageProductDependency;
			package = 857824E6287FAFAA00E1D192 /* XCRemoteSwiftPackageReference "TextFieldEffects" */;
			productName = TextFieldEffects;
		};
		857824EA287FBE4300E1D192 /* IQKeyboardManagerSwift */ = {
			isa = XCSwiftPackageProductDependency;
			package = 857824E9287FBE4300E1D192 /* XCRemoteSwiftPackageReference "IQKeyboardManager" */;
			productName = IQKeyboardManagerSwift;
		};
/* End XCSwiftPackageProductDependency section */
	};
	rootObject = 855D9575287BA3FA00A5591F /* Project object */;
}
